
Microsoft Visual Studio Solution File, Format Version 12.00
# Visual Studio Version 17
VisualStudioVersion = 17.9.34728.123
MinimumVisualStudioVersion = 10.0.40219.1
Project("{FAE04EC0-301F-11D3-BF4B-00C04F79EFBC}") = "reverseNum", "reverseNum\reverseNum.csproj", "{58AE5241-E030-4EF7-A143-1CCFC9D24586}"
EndProject
Global
	GlobalSection(SolutionConfigurationPlatforms) = preSolution
		Debug|Any CPU = Debug|Any CPU
		Release|Any CPU = Release|Any CPU
	EndGlobalSection
	GlobalSection(ProjectConfigurationPlatforms) = postSolution
		{58AE5241-E030-4EF7-A143-1CCFC9D24586}.Debug|Any CPU.ActiveCfg = Debug|Any CPU
		{58AE5241-E030-4EF7-A143-1CCFC9D24586}.Debug|Any CPU.Build.0 = Debug|Any CPU
		{58AE5241-E030-4EF7-A143-1CCFC9D24586}.Release|Any CPU.ActiveCfg = Release|Any CPU
		{58AE5241-E030-4EF7-A143-1CCFC9D24586}.Release|Any CPU.Build.0 = Release|Any CPU
	EndGlobalSection
	GlobalSection(SolutionProperties) = preSolution
		HideSolutionNode = FALSE
	EndGlobalSection
	GlobalSection(ExtensibilityGlobals) = postSolution
		SolutionGuid = {F9470F02-7F65-4273-8F82-B99B3D9906C7}
	EndGlobalSection
EndGlobal
